
Microsoft Visual Studio Solution File, Format Version 12.00
# Visual Studio 15
VisualStudioVersion = 15.0.27703.2035
MinimumVisualStudioVersion = 10.0.40219.1
Project("{FAE04EC0-301F-11D3-BF4B-00C04F79EFBC}") = "CarService", "ConsoleApp1\CarService.csproj", "{B1D25D2C-BC0F-4D4F-A4F3-22881E543C9D}"
EndProject
Project("{FAE04EC0-301F-11D3-BF4B-00C04F79EFBC}") = "CarWinForm", "CarWinForm\CarWinForm.csproj", "{CFF55158-7586-4619-8ECF-210015BC5566}"
EndProject
Project("{FAE04EC0-301F-11D3-BF4B-00C04F79EFBC}") = "CarServiceManager", "CarServiceManager\CarServiceManager.csproj", "{439F3E24-52C0-4D78-846A-AF3F60285E8B}"
EndProject
Global
	GlobalSection(SolutionConfigurationPlatforms) = preSolution
		Debug|Any CPU = Debug|Any CPU
		Release|Any CPU = Release|Any CPU
	EndGlobalSection
	GlobalSection(ProjectConfigurationPlatforms) = postSolution
		{B1D25D2C-BC0F-4D4F-A4F3-22881E543C9D}.Debug|Any CPU.ActiveCfg = Debug|Any CPU
		{B1D25D2C-BC0F-4D4F-A4F3-22881E543C9D}.Debug|Any CPU.Build.0 = Debug|Any CPU
		{B1D25D2C-BC0F-4D4F-A4F3-22881E543C9D}.Release|Any CPU.ActiveCfg = Release|Any CPU
		{B1D25D2C-BC0F-4D4F-A4F3-22881E543C9D}.Release|Any CPU.Build.0 = Release|Any CPU
		{CFF55158-7586-4619-8ECF-210015BC5566}.Debug|Any CPU.ActiveCfg = Debug|Any CPU
		{CFF55158-7586-4619-8ECF-210015BC5566}.Debug|Any CPU.Build.0 = Debug|Any CPU
		{CFF55158-7586-4619-8ECF-210015BC5566}.Release|Any CPU.ActiveCfg = Release|Any CPU
		{CFF55158-7586-4619-8ECF-210015BC5566}.Release|Any CPU.Build.0 = Release|Any CPU
		{439F3E24-52C0-4D78-846A-AF3F60285E8B}.Debug|Any CPU.ActiveCfg = Debug|Any CPU
		{439F3E24-52C0-4D78-846A-AF3F60285E8B}.Debug|Any CPU.Build.0 = Debug|Any CPU
		{439F3E24-52C0-4D78-846A-AF3F60285E8B}.Release|Any CPU.ActiveCfg = Release|Any CPU
		{439F3E24-52C0-4D78-846A-AF3F60285E8B}.Release|Any CPU.Build.0 = Release|Any CPU
	EndGlobalSection
	GlobalSection(SolutionProperties) = preSolution
		HideSolutionNode = FALSE
	EndGlobalSection
	GlobalSection(ExtensibilityGlobals) = postSolution
		SolutionGuid = {CFE1EA3F-247E-4356-8129-1EF2F1B3269C}
	EndGlobalSection
EndGlobal
